// !$*UTF8*$!
{
	archiveVersion = 1;
	classes = {
	};
	objectVersion = 46;
	objects = {

/* Begin PBXBuildFile section */
		181F56001CC46D2A00DE7EB6 /* main.m in Sources */ = {isa = PBXBuildFile; fileRef = 181F55FF1CC46D2A00DE7EB6 /* main.m */; };
		181F56031CC46D2A00DE7EB6 /* AppDelegate.m in Sources */ = {isa = PBXBuildFile; fileRef = 181F56021CC46D2A00DE7EB6 /* AppDelegate.m */; };
		181F56061CC46D2A00DE7EB6 /* ViewController.m in Sources */ = {isa = PBXBuildFile; fileRef = 181F56051CC46D2A00DE7EB6 /* ViewController.m */; };
		181F56091CC46D2A00DE7EB6 /* Main.storyboard in Resources */ = {isa = PBXBuildFile; fileRef = 181F56071CC46D2A00DE7EB6 /* Main.storyboard */; };
		181F560C1CC46D2A00DE7EB6 /* LCHTwilioClientDemo.xcdatamodeld in Sources */ = {isa = PBXBuildFile; fileRef = 181F560A1CC46D2A00DE7EB6 /* LCHTwilioClientDemo.xcdatamodeld */; };
		181F560E1CC46D2A00DE7EB6 /* Assets.xcassets in Resources */ = {isa = PBXBuildFile; fileRef = 181F560D1CC46D2A00DE7EB6 /* Assets.xcassets */; };
		181F56111CC46D2A00DE7EB6 /* LaunchScreen.storyboard in Resources */ = {isa = PBXBuildFile; fileRef = 181F560F1CC46D2A00DE7EB6 /* LaunchScreen.storyboard */; };
/* End PBXBuildFile section */

/* Begin PBXFileReference section */
		181F55FB1CC46D2A00DE7EB6 /* LCHTwilioClientDemo.app */ = {isa = PBXFileReference; explicitFileType = wrapper.application; includeInIndex = 0; path = LCHTwilioClientDemo.app; sourceTree = BUILT_PRODUCTS_DIR; };
		181F55FF1CC46D2A00DE7EB6 /* main.m */ = {isa = PBXFileReference; lastKnownFileType = sourcecode.c.objc; path = main.m; sourceTree = "<group>"; };
		181F56011CC46D2A00DE7EB6 /* AppDelegate.h */ = {isa = PBXFileReference; lastKnownFileType = sourcecode.c.h; path = AppDelegate.h; sourceTree = "<group>"; };
		181F56021CC46D2A00DE7EB6 /* AppDelegate.m */ = {isa = PBXFileReference; lastKnownFileType = sourcecode.c.objc; path = AppDelegate.m; sourceTree = "<group>"; };
		181F56041CC46D2A00DE7EB6 /* ViewController.h */ = {isa = PBXFileReference; lastKnownFileType = sourcecode.c.h; path = ViewController.h; sourceTree = "<group>"; };
		181F56051CC46D2A00DE7EB6 /* ViewController.m */ = {isa = PBXFileReference; lastKnownFileType = sourcecode.c.objc; path = ViewController.m; sourceTree = "<group>"; };
		181F56081CC46D2A00DE7EB6 /* Base */ = {isa = PBXFileReference; lastKnownFileType = file.storyboard; name = Base; path = Base.lproj/Main.storyboard; sourceTree = "<group>"; };
		181F560B1CC46D2A00DE7EB6 /* LCHTwilioClientDemo.xcdatamodel */ = {isa = PBXFileReference; lastKnownFileType = wrapper.xcdatamodel; path = LCHTwilioClientDemo.xcdatamodel; sourceTree = "<group>"; };
		181F560D1CC46D2A00DE7EB6 /* Assets.xcassets */ = {isa = PBXFileReference; lastKnownFileType = folder.assetcatalog; path = Assets.xcassets; sourceTree = "<group>"; };
		181F56101CC46D2A00DE7EB6 /* Base */ = {isa = PBXFileReference; lastKnownFileType = file.storyboard; name = Base; path = Base.lproj/LaunchScreen.storyboard; sourceTree = "<group>"; };
		181F56121CC46D2A00DE7EB6 /* Info.plist */ = {isa = PBXFileReference; lastKnownFileType = text.plist.xml; path = Info.plist; sourceTree = "<group>"; };
/* End PBXFileReference section */

/* Begin PBXFrameworksBuildPhase section */
		181F55F81CC46D2A00DE7EB6 /* Frameworks */ = {
			isa = PBXFrameworksBuildPhase;
			buildActionMask = 2147483647;
			files = (
			);
			runOnlyForDeploymentPostprocessing = 0;
		};
/* End PBXFrameworksBuildPhase section */

/* Begin PBXGroup section */
		181F55F21CC46D2A00DE7EB6 = {
			isa = PBXGroup;
			children = (
				181F55FD1CC46D2A00DE7EB6 /* LCHTwilioClientDemo */,
				181F55FC1CC46D2A00DE7EB6 /* Products */,
			);
			sourceTree = "<group>";
		};
		181F55FC1CC46D2A00DE7EB6 /* Products */ = {
			isa = PBXGroup;
			children = (
				181F55FB1CC46D2A00DE7EB6 /* LCHTwilioClientDemo.app */,
			);
			name = Products;
			sourceTree = "<group>";
		};
		181F55FD1CC46D2A00DE7EB6 /* LCHTwilioClientDemo */ = {
			isa = PBXGroup;
			children = (
				181F56011CC46D2A00DE7EB6 /* AppDelegate.h */,
				181F56021CC46D2A00DE7EB6 /* AppDelegate.m */,
				181F56041CC46D2A00DE7EB6 /* ViewController.h */,
				181F56051CC46D2A00DE7EB6 /* ViewController.m */,
				181F56071CC46D2A00DE7EB6 /* Main.storyboard */,
				181F560D1CC46D2A00DE7EB6 /* Assets.xcassets */,
				181F560F1CC46D2A00DE7EB6 /* LaunchScreen.storyboard */,
				181F56121CC46D2A00DE7EB6 /* Info.plist */,
				181F560A1CC46D2A00DE7EB6 /* LCHTwilioClientDemo.xcdatamodeld */,
				181F55FE1CC46D2A00DE7EB6 /* Supporting Files */,
			);
			path = LCHTwilioClientDemo;
			sourceTree = "<group>";
		};
		181F55FE1CC46D2A00DE7EB6 /* Supporting Files */ = {
			isa = PBXGroup;
			children = (
				181F55FF1CC46D2A00DE7EB6 /* main.m */,
			);
			name = "Supporting Files";
			sourceTree = "<group>";
		};
/* End PBXGroup section */

/* Begin PBXNativeTarget section */
		181F55FA1CC46D2A00DE7EB6 /* LCHTwilioClientDemo */ = {
			isa = PBXNativeTarget;
			buildConfigurationList = 181F56151CC46D2A00DE7EB6 /* Build configuration list for PBXNativeTarget "LCHTwilioClientDemo" */;
			buildPhases = (
				181F55F71CC46D2A00DE7EB6 /* Sources */,
				181F55F81CC46D2A00DE7EB6 /* Frameworks */,
				181F55F91CC46D2A00DE7EB6 /* Resources */,
			);
			buildRules = (
			);
			dependencies = (
			);
			name = LCHTwilioClientDemo;
			productName = LCHTwilioClientDemo;
			productReference = 181F55FB1CC46D2A00DE7EB6 /* LCHTwilioClientDemo.app */;
			productType = "com.apple.product-type.application";
		};
/* End PBXNativeTarget section */

/* Begin PBXProject section */
		181F55F31CC46D2A00DE7EB6 /* Project object */ = {
			isa = PBXProject;
			attributes = {
				LastUpgradeCheck = 0720;
				ORGANIZATIONNAME = apple;
				TargetAttributes = {
					181F55FA1CC46D2A00DE7EB6 = {
						CreatedOnToolsVersion = 7.2.1;
					};
				};
			};
			buildConfigurationList = 181F55F61CC46D2A00DE7EB6 /* Build configuration list for PBXProject "LCHTwilioClientDemo" */;
			compatibilityVersion = "Xcode 3.2";
			developmentRegion = English;
			hasScannedForEncodings = 0;
			knownRegions = (
				en,
				Base,
			);
			mainGroup = 181F55F21CC46D2A00DE7EB6;
			productRefGroup = 181F55FC1CC46D2A00DE7EB6 /* Products */;
			projectDirPath = "";
			projectRoot = "";
			targets = (
				181F55FA1CC46D2A00DE7EB6 /* LCHTwilioClientDemo */,
			);
		};
/* End PBXProject section */

/* Begin PBXResourcesBuildPhase section */
		181F55F91CC46D2A00DE7EB6 /* Resources */ = {
			isa = PBXResourcesBuildPhase;
			buildActionMask = 2147483647;
			files = (
				181F56111CC46D2A00DE7EB6 /* LaunchScreen.storyboard in Resources */,
				181F560E1CC46D2A00DE7EB6 /* Assets.xcassets in Resources */,
				181F56091CC46D2A00DE7EB6 /* Main.storyboard in Resources */,
			);
			runOnlyForDeploymentPostprocessing = 0;
		};
/* End PBXResourcesBuildPhase section */

/* Begin PBXSourcesBuildPhase section */
		181F55F71CC46D2A00DE7EB6 /* Sources */ = {
			isa = PBXSourcesBuildPhase;
			buildActionMask = 2147483647;
			files = (
				181F56061CC46D2A00DE7EB6 /* ViewController.m in Sources */,
				181F56031CC46D2A00DE7EB6 /* AppDelegate.m in Sources */,
				181F560C1CC46D2A00DE7EB6 /* LCHTwilioClientDemo.xcdatamodeld in Sources */,
				181F56001CC46D2A00DE7EB6 /* main.m in Sources */,
			);
			runOnlyForDeploymentPostprocessing = 0;
		};
/* End PBXSourcesBuildPhase section */

/* Begin PBXVariantGroup section */
		181F56071CC46D2A00DE7EB6 /* Main.storyboard */ = {
			isa = PBXVariantGroup;
			children = (
				181F56081CC46D2A00DE7EB6 /* Base */,
			);
			name = Main.storyboard;
			sourceTree = "<group>";
		};
		181F560F1CC46D2A00DE7EB6 /* LaunchScreen.storyboard */ = {
			isa = PBXVariantGroup;
			children = (
				181F56101CC46D2A00DE7EB6 /* Base */,
			);
			name = LaunchScreen.storyboard;
			sourceTree = "<group>";
		};
/* End PBXVariantGroup section */

/* Begin XCBuildConfiguration section */
		181F56131CC46D2A00DE7EB6 /* Debug */ = {
			isa = XCBuildConfiguration;
			buildSettings = {
				ALWAYS_SEARCH_USER_PATHS = NO;
				CLANG_CXX_LANGUAGE_STANDARD = "gnu++0x";
				CLANG_CXX_LIBRARY = "libc++";
				CLANG_ENABLE_MODULES = YES;
				CLANG_ENABLE_OBJC_ARC = YES;
				CLANG_WARN_BOOL_CONVERSION = YES;
				CLANG_WARN_CONSTANT_CONVERSION = YES;
				CLANG_WARN_DIRECT_OBJC_ISA_USAGE = YES_ERROR;
				CLANG_WARN_EMPTY_BODY = YES;
				CLANG_WARN_ENUM_CONVERSION = YES;
				CLANG_WARN_INT_CONVERSION = YES;
				CLANG_WARN_OBJC_ROOT_CLASS = YES_ERROR;
				CLANG_WARN_UNREACHABLE_CODE = YES;
				CLANG_WARN__DUPLICATE_METHOD_MATCH = YES;
				"CODE_SIGN_IDENTITY[sdk=iphoneos*]" = "iPhone Developer";
				COPY_PHASE_STRIP = NO;
				DEBUG_INFORMATION_FORMAT = dwarf;
				ENABLE_STRICT_OBJC_MSGSEND = YES;
				ENABLE_TESTABILITY = YES;
				GCC_C_LANGUAGE_STANDARD = gnu99;
				GCC_DYNAMIC_NO_PIC = NO;
				GCC_NO_COMMON_BLOCKS = YES;
				GCC_OPTIMIZATION_LEVEL = 0;
				GCC_PREPROCESSOR_DEFINITIONS = (
					"DEBUG=1",
					"$(inherited)",
				);
				GCC_WARN_64_TO_32_BIT_CONVERSION = YES;
				GCC_WARN_ABOUT_RETURN_TYPE = YES_ERROR;
				GCC_WARN_UNDECLARED_SELECTOR = YES;
				GCC_WARN_UNINITIALIZED_AUTOS = YES_AGGRESSIVE;
				GCC_WARN_UNUSED_FUNCTION = YES;
				GCC_WARN_UNUSED_VARIABLE = YES;
				IPHONEOS_DEPLOYMENT_TARGET = 9.2;
				MTL_ENABLE_DEBUG_INFO = YES;
				ONLY_ACTIVE_ARCH = YES;
				SDKROOT = iphoneos;
			};
			name = Debug;
		};
		181F56141CC46D2A00DE7EB6 /* Release */ = {
			isa = XCBuildConfiguration;
			buildSettings = {
				ALWAYS_SEARCH_USER_PATHS = NO;
				CLANG_CXX_LANGUAGE_STANDARD = "gnu++0x";
				CLANG_CXX_LIBRARY = "libc++";
				CLANG_ENABLE_MODULES = YES;
				CLANG_ENABLE_OBJC_ARC = YES;
				CLANG_WARN_BOOL_CONVERSION = YES;
				CLANG_WARN_CONSTANT_CONVERSION = YES;
				CLANG_WARN_DIRECT_OBJC_ISA_USAGE = YES_ERROR;
				CLANG_WARN_EMPTY_BODY = YES;
				CLANG_WARN_ENUM_CONVERSION = YES;
				CLANG_WARN_INT_CONVERSION = YES;
				CLANG_WARN_OBJC_ROOT_CLASS = YES_ERROR;
				CLANG_WARN_UNREACHABLE_CODE = YES;
				CLANG_WARN__DUPLICATE_METHOD_MATCH = YES;
				"CODE_SIGN_IDENTITY[sdk=iphoneos*]" = "iPhone Developer";
				COPY_PHASE_STRIP = NO;
				DEBUG_INFORMATION_FORMAT = "dwarf-with-dsym";
				ENABLE_NS_ASSERTIONS = NO;
				ENABLE_STRICT_OBJC_MSGSEND = YES;
				GCC_C_LANGUAGE_STANDARD = gnu99;
				GCC_NO_COMMON_BLOCKS = YES;
				GCC_WARN_64_TO_32_BIT_CONVERSION = YES;
				GCC_WARN_ABOUT_RETURN_TYPE = YES_ERROR;
				GCC_WARN_UNDECLARED_SELECTOR = YES;
				GCC_WARN_UNINITIALIZED_AUTOS = YES_AGGRESSIVE;
				GCC_WARN_UNUSED_FUNCTION = YES;
				GCC_WARN_UNUSED_VARIABLE = YES;
				IPHONEOS_DEPLOYMENT_TARGET = 9.2;
				MTL_ENABLE_DEBUG_INFO = NO;
				SDKROOT = iphoneos;
				VALIDATE_PRODUCT = YES;
			};
			name = Release;
		};
		181F56161CC46D2A00DE7EB6 /* Debug */ = {
			isa = XCBuildConfiguration;
			buildSettings = {
				ASSETCATALOG_COMPILER_APPICON_NAME = AppIcon;
				INFOPLIST_FILE = LCHTwilioClientDemo/Info.plist;
				LD_RUNPATH_SEARCH_PATHS = "$(inherited) @executable_path/Frameworks";
				PRODUCT_BUNDLE_IDENTIFIER = Haima.LCHTwilioClientDemo;
				PRODUCT_NAME = "$(TARGET_NAME)";
			};
			name = Debug;
		};
		181F56171CC46D2A00DE7EB6 /* Release */ = {
			isa = XCBuildConfiguration;
			buildSettings = {
				ASSETCATALOG_COMPILER_APPICON_NAME = AppIcon;
				INFOPLIST_FILE = LCHTwilioClientDemo/Info.plist;
				LD_RUNPATH_SEARCH_PATHS = "$(inherited) @executable_path/Frameworks";
				PRODUCT_BUNDLE_IDENTIFIER = Haima.LCHTwilioClientDemo;
				PRODUCT_NAME = "$(TARGET_NAME)";
			};
			name = Release;
		};
/* End XCBuildConfiguration section */

/* Begin XCConfigurationList section */
		181F55F61CC46D2A00DE7EB6 /* Build configuration list for PBXProject "LCHTwilioClientDemo" */ = {
			isa = XCConfigurationList;
			buildConfigurations = (
				181F56131CC46D2A00DE7EB6 /* Debug */,
				181F56141CC46D2A00DE7EB6 /* Release */,
			);
			defaultConfigurationIsVisible = 0;
			defaultConfigurationName = Release;
		};
		181F56151CC46D2A00DE7EB6 /* Build configuration list for PBXNativeTarget "LCHTwilioClientDemo" */ = {
			isa = XCConfigurationList;
			buildConfigurations = (
				181F56161CC46D2A00DE7EB6 /* Debug */,
				181F56171CC46D2A00DE7EB6 /* Release */,
			);
			defaultConfigurationIsVisible = 0;
		};
/* End XCConfigurationList section */

/* Begin XCVersionGroup section */
		181F560A1CC46D2A00DE7EB6 /* LCHTwilioClientDemo.xcdatamodeld */ = {
			isa = XCVersionGroup;
			children = (
				181F560B1CC46D2A00DE7EB6 /* LCHTwilioClientDemo.xcdatamodel */,
			);
			currentVersion = 181F560B1CC46D2A00DE7EB6 /* LCHTwilioClientDemo.xcdatamodel */;
			path = LCHTwilioClientDemo.xcdatamodeld;
			sourceTree = "<group>";
			versionGroupType = wrapper.xcdatamodel;
		};
/* End XCVersionGroup section */
	};
	rootObject = 181F55F31CC46D2A00DE7EB6 /* Project object */;
}
